
Microsoft Visual Studio Solution File, Format Version 12.00
# Visual Studio Version 16
VisualStudioVersion = 16.0.29519.87
MinimumVisualStudioVersion = 10.0.40219.1
Project("{FAE04EC0-301F-11D3-BF4B-00C04F79EFBC}") = "IngresaDatos.Android", "IngresaDatos.Android\IngresaDatos.Android.csproj", "{37AB49EB-B85F-44A4-84EE-06256CB646EB}"
EndProject
Project("{FAE04EC0-301F-11D3-BF4B-00C04F79EFBC}") = "IngresaDatos.iOS", "IngresaDatos.iOS\IngresaDatos.iOS.csproj", "{15882B05-E567-44B7-A84A-1AD4E22D192F}"
EndProject
Project("{FAE04EC0-301F-11D3-BF4B-00C04F79EFBC}") = "IngresaDatos", "IngresaDatos\IngresaDatos.csproj", "{24B4884D-8100-4690-8048-8ED4C6278F4F}"
EndProject
Global
	GlobalSection(SolutionConfigurationPlatforms) = preSolution
		Debug|Any CPU = Debug|Any CPU
		Debug|iPhone = Debug|iPhone
		Debug|iPhoneSimulator = Debug|iPhoneSimulator
		Release|Any CPU = Release|Any CPU
		Release|iPhone = Release|iPhone
		Release|iPhoneSimulator = Release|iPhoneSimulator
	EndGlobalSection
	GlobalSection(ProjectConfigurationPlatforms) = postSolution
		{37AB49EB-B85F-44A4-84EE-06256CB646EB}.Debug|Any CPU.ActiveCfg = Debug|Any CPU
		{37AB49EB-B85F-44A4-84EE-06256CB646EB}.Debug|Any CPU.Build.0 = Debug|Any CPU
		{37AB49EB-B85F-44A4-84EE-06256CB646EB}.Debug|Any CPU.Deploy.0 = Debug|Any CPU
		{37AB49EB-B85F-44A4-84EE-06256CB646EB}.Debug|iPhone.ActiveCfg = Debug|Any CPU
		{37AB49EB-B85F-44A4-84EE-06256CB646EB}.Debug|iPhone.Build.0 = Debug|Any CPU
		{37AB49EB-B85F-44A4-84EE-06256CB646EB}.Debug|iPhone.Deploy.0 = Debug|Any CPU
		{37AB49EB-B85F-44A4-84EE-06256CB646EB}.Debug|iPhoneSimulator.ActiveCfg = Debug|Any CPU
		{37AB49EB-B85F-44A4-84EE-06256CB646EB}.Debug|iPhoneSimulator.Build.0 = Debug|Any CPU
		{37AB49EB-B85F-44A4-84EE-06256CB646EB}.Debug|iPhoneSimulator.Deploy.0 = Debug|Any CPU
		{37AB49EB-B85F-44A4-84EE-06256CB646EB}.Release|Any CPU.ActiveCfg = Release|Any CPU
		{37AB49EB-B85F-44A4-84EE-06256CB646EB}.Release|Any CPU.Build.0 = Release|Any CPU
		{37AB49EB-B85F-44A4-84EE-06256CB646EB}.Release|Any CPU.Deploy.0 = Release|Any CPU
		{37AB49EB-B85F-44A4-84EE-06256CB646EB}.Release|iPhone.ActiveCfg = Release|Any CPU
		{37AB49EB-B85F-44A4-84EE-06256CB646EB}.Release|iPhone.Build.0 = Release|Any CPU
		{37AB49EB-B85F-44A4-84EE-06256CB646EB}.Release|iPhone.Deploy.0 = Release|Any CPU
		{37AB49EB-B85F-44A4-84EE-06256CB646EB}.Release|iPhoneSimulator.ActiveCfg = Release|Any CPU
		{37AB49EB-B85F-44A4-84EE-06256CB646EB}.Release|iPhoneSimulator.Build.0 = Release|Any CPU
		{37AB49EB-B85F-44A4-84EE-06256CB646EB}.Release|iPhoneSimulator.Deploy.0 = Release|Any CPU
		{15882B05-E567-44B7-A84A-1AD4E22D192F}.Debug|Any CPU.ActiveCfg = Debug|iPhoneSimulator
		{15882B05-E567-44B7-A84A-1AD4E22D192F}.Debug|Any CPU.Build.0 = Debug|iPhoneSimulator
		{15882B05-E567-44B7-A84A-1AD4E22D192F}.Debug|Any CPU.Deploy.0 = Debug|iPhoneSimulator
		{15882B05-E567-44B7-A84A-1AD4E22D192F}.Debug|iPhone.ActiveCfg = Debug|iPhone
		{15882B05-E567-44B7-A84A-1AD4E22D192F}.Debug|iPhone.Build.0 = Debug|iPhone
		{15882B05-E567-44B7-A84A-1AD4E22D192F}.Debug|iPhone.Deploy.0 = Debug|iPhone
		{15882B05-E567-44B7-A84A-1AD4E22D192F}.Debug|iPhoneSimulator.ActiveCfg = Debug|iPhoneSimulator
		{15882B05-E567-44B7-A84A-1AD4E22D192F}.Debug|iPhoneSimulator.Build.0 = Debug|iPhoneSimulator
		{15882B05-E567-44B7-A84A-1AD4E22D192F}.Debug|iPhoneSimulator.Deploy.0 = Debug|iPhoneSimulator
		{15882B05-E567-44B7-A84A-1AD4E22D192F}.Release|Any CPU.ActiveCfg = Release|iPhone
		{15882B05-E567-44B7-A84A-1AD4E22D192F}.Release|Any CPU.Build.0 = Release|iPhone
		{15882B05-E567-44B7-A84A-1AD4E22D192F}.Release|Any CPU.Deploy.0 = Release|iPhone
		{15882B05-E567-44B7-A84A-1AD4E22D192F}.Release|iPhone.ActiveCfg = Release|iPhone
		{15882B05-E567-44B7-A84A-1AD4E22D192F}.Release|iPhone.Build.0 = Release|iPhone
		{15882B05-E567-44B7-A84A-1AD4E22D192F}.Release|iPhone.Deploy.0 = Release|iPhone
		{15882B05-E567-44B7-A84A-1AD4E22D192F}.Release|iPhoneSimulator.ActiveCfg = Release|iPhoneSimulator
		{15882B05-E567-44B7-A84A-1AD4E22D192F}.Release|iPhoneSimulator.Build.0 = Release|iPhoneSimulator
		{15882B05-E567-44B7-A84A-1AD4E22D192F}.Release|iPhoneSimulator.Deploy.0 = Release|iPhoneSimulator
		{24B4884D-8100-4690-8048-8ED4C6278F4F}.Debug|Any CPU.ActiveCfg = Debug|Any CPU
		{24B4884D-8100-4690-8048-8ED4C6278F4F}.Debug|Any CPU.Build.0 = Debug|Any CPU
		{24B4884D-8100-4690-8048-8ED4C6278F4F}.Debug|Any CPU.Deploy.0 = Debug|Any CPU
		{24B4884D-8100-4690-8048-8ED4C6278F4F}.Debug|iPhone.ActiveCfg = Debug|Any CPU
		{24B4884D-8100-4690-8048-8ED4C6278F4F}.Debug|iPhone.Build.0 = Debug|Any CPU
		{24B4884D-8100-4690-8048-8ED4C6278F4F}.Debug|iPhone.Deploy.0 = Debug|Any CPU
		{24B4884D-8100-4690-8048-8ED4C6278F4F}.Debug|iPhoneSimulator.ActiveCfg = Debug|Any CPU
		{24B4884D-8100-4690-8048-8ED4C6278F4F}.Debug|iPhoneSimulator.Build.0 = Debug|Any CPU
		{24B4884D-8100-4690-8048-8ED4C6278F4F}.Debug|iPhoneSimulator.Deploy.0 = Debug|Any CPU
		{24B4884D-8100-4690-8048-8ED4C6278F4F}.Release|Any CPU.ActiveCfg = Release|Any CPU
		{24B4884D-8100-4690-8048-8ED4C6278F4F}.Release|Any CPU.Build.0 = Release|Any CPU
		{24B4884D-8100-4690-8048-8ED4C6278F4F}.Release|Any CPU.Deploy.0 = Release|Any CPU
		{24B4884D-8100-4690-8048-8ED4C6278F4F}.Release|iPhone.ActiveCfg = Release|Any CPU
		{24B4884D-8100-4690-8048-8ED4C6278F4F}.Release|iPhone.Build.0 = Release|Any CPU
		{24B4884D-8100-4690-8048-8ED4C6278F4F}.Release|iPhone.Deploy.0 = Release|Any CPU
		{24B4884D-8100-4690-8048-8ED4C6278F4F}.Release|iPhoneSimulator.ActiveCfg = Release|Any CPU
		{24B4884D-8100-4690-8048-8ED4C6278F4F}.Release|iPhoneSimulator.Build.0 = Release|Any CPU
		{24B4884D-8100-4690-8048-8ED4C6278F4F}.Release|iPhoneSimulator.Deploy.0 = Release|Any CPU
	EndGlobalSection
	GlobalSection(SolutionProperties) = preSolution
		HideSolutionNode = FALSE
	EndGlobalSection
	GlobalSection(ExtensibilityGlobals) = postSolution
		SolutionGuid = {690B2CCD-3B3D-424F-AD4A-904C00FFC5D2}
	EndGlobalSection
EndGlobal
